
Microsoft Visual Studio Solution File, Format Version 12.00
# Visual Studio Version 17
VisualStudioVersion = 17.11.35312.102
MinimumVisualStudioVersion = 10.0.40219.1
Project("{FAE04EC0-301F-11D3-BF4B-00C04F79EFBC}") = "Lab4", "Lab4.csproj", "{C3C7F541-3FC0-49B5-885A-99FFA36EB598}"
EndProject
Global
	GlobalSection(SolutionConfigurationPlatforms) = preSolution
		Debug|Any CPU = Debug|Any CPU
		Release|Any CPU = Release|Any CPU
	EndGlobalSection
	GlobalSection(ProjectConfigurationPlatforms) = postSolution
		{C3C7F541-3FC0-49B5-885A-99FFA36EB598}.Debug|Any CPU.ActiveCfg = Debug|Any CPU
		{C3C7F541-3FC0-49B5-885A-99FFA36EB598}.Debug|Any CPU.Build.0 = Debug|Any CPU
		{C3C7F541-3FC0-49B5-885A-99FFA36EB598}.Release|Any CPU.ActiveCfg = Release|Any CPU
		{C3C7F541-3FC0-49B5-885A-99FFA36EB598}.Release|Any CPU.Build.0 = Release|Any CPU
	EndGlobalSection
	GlobalSection(SolutionProperties) = preSolution
		HideSolutionNode = FALSE
	EndGlobalSection
	GlobalSection(ExtensibilityGlobals) = postSolution
		SolutionGuid = {6B01A307-3BE5-451E-BFBE-C88346D1C8A3}
	EndGlobalSection
EndGlobal
